
Microsoft Visual Studio Solution File, Format Version 12.00
# Visual Studio 15
VisualStudioVersion = 15.0.26730.16
MinimumVisualStudioVersion = 10.0.40219.1
Project("{FAE04EC0-301F-11D3-BF4B-00C04F79EFBC}") = "CodeFirst", "CodeFirst\CodeFirst.csproj", "{8D692687-8E0E-4782-A4CA-E87E8DFE2981}"
EndProject
Project("{FAE04EC0-301F-11D3-BF4B-00C04F79EFBC}") = "CodeFirst.Tests", "CodeFirst.Tests\CodeFirst.Tests.csproj", "{2096EE3D-D1A1-42AF-939E-48DD6E07B1A7}"
EndProject
Global
	GlobalSection(SolutionConfigurationPlatforms) = preSolution
		Debug|Any CPU = Debug|Any CPU
		Release|Any CPU = Release|Any CPU
	EndGlobalSection
	GlobalSection(ProjectConfigurationPlatforms) = postSolution
		{8D692687-8E0E-4782-A4CA-E87E8DFE2981}.Debug|Any CPU.ActiveCfg = Debug|Any CPU
		{8D692687-8E0E-4782-A4CA-E87E8DFE2981}.Debug|Any CPU.Build.0 = Debug|Any CPU
		{8D692687-8E0E-4782-A4CA-E87E8DFE2981}.Release|Any CPU.ActiveCfg = Release|Any CPU
		{8D692687-8E0E-4782-A4CA-E87E8DFE2981}.Release|Any CPU.Build.0 = Release|Any CPU
		{2096EE3D-D1A1-42AF-939E-48DD6E07B1A7}.Debug|Any CPU.ActiveCfg = Debug|Any CPU
		{2096EE3D-D1A1-42AF-939E-48DD6E07B1A7}.Debug|Any CPU.Build.0 = Debug|Any CPU
		{2096EE3D-D1A1-42AF-939E-48DD6E07B1A7}.Release|Any CPU.ActiveCfg = Release|Any CPU
		{2096EE3D-D1A1-42AF-939E-48DD6E07B1A7}.Release|Any CPU.Build.0 = Release|Any CPU
	EndGlobalSection
	GlobalSection(SolutionProperties) = preSolution
		HideSolutionNode = FALSE
	EndGlobalSection
	GlobalSection(ExtensibilityGlobals) = postSolution
		SolutionGuid = {A142D0F2-6CDB-4CFA-ABF9-F522A2E63B47}
	EndGlobalSection
EndGlobal
